
Microsoft Visual Studio Solution File, Format Version 12.00
# Visual Studio Version 17
VisualStudioVersion = 17.9.34728.123
MinimumVisualStudioVersion = 10.0.40219.1
Project("{9A19103F-16F7-4668-BE54-9A1E7A4F7556}") = "As9", "As9\As9.csproj", "{A0B12707-402A-4B46-A85A-D8F3D6E9ED6C}"
EndProject
Project("{FAE04EC0-301F-11D3-BF4B-00C04F79EFBC}") = "As10", "As10\As10.csproj", "{24CFC176-9714-4A89-B284-E31B20D4B96E}"
EndProject
Global
	GlobalSection(SolutionConfigurationPlatforms) = preSolution
		Debug|Any CPU = Debug|Any CPU
		Release|Any CPU = Release|Any CPU
	EndGlobalSection
	GlobalSection(ProjectConfigurationPlatforms) = postSolution
		{A0B12707-402A-4B46-A85A-D8F3D6E9ED6C}.Debug|Any CPU.ActiveCfg = Debug|Any CPU
		{A0B12707-402A-4B46-A85A-D8F3D6E9ED6C}.Debug|Any CPU.Build.0 = Debug|Any CPU
		{A0B12707-402A-4B46-A85A-D8F3D6E9ED6C}.Release|Any CPU.ActiveCfg = Release|Any CPU
		{A0B12707-402A-4B46-A85A-D8F3D6E9ED6C}.Release|Any CPU.Build.0 = Release|Any CPU
		{24CFC176-9714-4A89-B284-E31B20D4B96E}.Debug|Any CPU.ActiveCfg = Debug|Any CPU
		{24CFC176-9714-4A89-B284-E31B20D4B96E}.Debug|Any CPU.Build.0 = Debug|Any CPU
		{24CFC176-9714-4A89-B284-E31B20D4B96E}.Release|Any CPU.ActiveCfg = Release|Any CPU
		{24CFC176-9714-4A89-B284-E31B20D4B96E}.Release|Any CPU.Build.0 = Release|Any CPU
	EndGlobalSection
	GlobalSection(SolutionProperties) = preSolution
		HideSolutionNode = FALSE
	EndGlobalSection
	GlobalSection(ExtensibilityGlobals) = postSolution
		SolutionGuid = {97086245-E7B1-446B-A089-6F4726E892D8}
	EndGlobalSection
EndGlobal
